
Microsoft Visual Studio Solution File, Format Version 12.00
# Visual Studio 14
VisualStudioVersion = 14.0.25420.1
MinimumVisualStudioVersion = 10.0.40219.1
Project("{FAE04EC0-301F-11D3-BF4B-00C04F79EFBC}") = "EtlConsole", "EtlConsole\EtlConsole.csproj", "{141FAA44-B769-4F5B-8581-E61C4F181665}"
EndProject
Project("{FAE04EC0-301F-11D3-BF4B-00C04F79EFBC}") = "EtlConsoleTest", "EtlConsoleTest\EtlConsoleTest.csproj", "{8B9433F6-89B3-4AA5-8032-9EA5917390F9}"
EndProject
Global
	GlobalSection(SolutionConfigurationPlatforms) = preSolution
		Debug|Any CPU = Debug|Any CPU
		Release|Any CPU = Release|Any CPU
	EndGlobalSection
	GlobalSection(ProjectConfigurationPlatforms) = postSolution
		{141FAA44-B769-4F5B-8581-E61C4F181665}.Debug|Any CPU.ActiveCfg = Debug|Any CPU
		{141FAA44-B769-4F5B-8581-E61C4F181665}.Debug|Any CPU.Build.0 = Debug|Any CPU
		{141FAA44-B769-4F5B-8581-E61C4F181665}.Release|Any CPU.ActiveCfg = Release|Any CPU
		{141FAA44-B769-4F5B-8581-E61C4F181665}.Release|Any CPU.Build.0 = Release|Any CPU
		{8B9433F6-89B3-4AA5-8032-9EA5917390F9}.Debug|Any CPU.ActiveCfg = Debug|Any CPU
		{8B9433F6-89B3-4AA5-8032-9EA5917390F9}.Debug|Any CPU.Build.0 = Debug|Any CPU
		{8B9433F6-89B3-4AA5-8032-9EA5917390F9}.Release|Any CPU.ActiveCfg = Release|Any CPU
		{8B9433F6-89B3-4AA5-8032-9EA5917390F9}.Release|Any CPU.Build.0 = Release|Any CPU
	EndGlobalSection
	GlobalSection(SolutionProperties) = preSolution
		HideSolutionNode = FALSE
	EndGlobalSection
	GlobalSection(ExtensibilityGlobals) = postSolution
		SolutionGuid = {A9ECE165-F29E-4B77-A0E5-9A782D9AA4ED}
	EndGlobalSection
EndGlobal
